# This file is automatically @generated by Cargo.
# It is not intended for manual editing.
version = 4

[[package]]
name = "stellar-agent-auth-agent-registry"
version = "0.0.0"

[[package]]
name = "stellar-agent-auth-demo-service"
version = "0.0.0"

[[package]]
name = "stellar-agent-auth-shared-types"
version = "0.0.0"

[[package]]
name = "stellar-agent-auth-smart-wallet"
version = "0.0.0"

[[package]]
name = "stellar-agent-auth-verification-registry"
version = "0.0.0"
